
Microsoft Visual Studio Solution File, Format Version 12.00
# Visual Studio 15
VisualStudioVersion = 15.0.27130.2010
MinimumVisualStudioVersion = 10.0.40219.1
Project("{FAE04EC0-301F-11D3-BF4B-00C04F79EFBC}") = "Astutia.Collections", "Astutia.Collections\Astutia.Collections.csproj", "{FB6B5E0A-0107-4152-A6C5-1D40D2064B8A}"
EndProject
Project("{FAE04EC0-301F-11D3-BF4B-00C04F79EFBC}") = "Astutia.Collections.Tests", "Astutia.Collections.Tests\Astutia.Collections.Tests.csproj", "{B8444B01-BB69-4ECE-9723-5906184776A2}"
EndProject
Global
	GlobalSection(SolutionConfigurationPlatforms) = preSolution
		Debug|Any CPU = Debug|Any CPU
		Release|Any CPU = Release|Any CPU
	EndGlobalSection
	GlobalSection(ProjectConfigurationPlatforms) = postSolution
		{FB6B5E0A-0107-4152-A6C5-1D40D2064B8A}.Debug|Any CPU.ActiveCfg = Debug|Any CPU
		{FB6B5E0A-0107-4152-A6C5-1D40D2064B8A}.Debug|Any CPU.Build.0 = Debug|Any CPU
		{FB6B5E0A-0107-4152-A6C5-1D40D2064B8A}.Release|Any CPU.ActiveCfg = Release|Any CPU
		{FB6B5E0A-0107-4152-A6C5-1D40D2064B8A}.Release|Any CPU.Build.0 = Release|Any CPU
		{B8444B01-BB69-4ECE-9723-5906184776A2}.Debug|Any CPU.ActiveCfg = Debug|Any CPU
		{B8444B01-BB69-4ECE-9723-5906184776A2}.Debug|Any CPU.Build.0 = Debug|Any CPU
		{B8444B01-BB69-4ECE-9723-5906184776A2}.Release|Any CPU.ActiveCfg = Release|Any CPU
		{B8444B01-BB69-4ECE-9723-5906184776A2}.Release|Any CPU.Build.0 = Release|Any CPU
	EndGlobalSection
	GlobalSection(SolutionProperties) = preSolution
		HideSolutionNode = FALSE
	EndGlobalSection
	GlobalSection(ExtensibilityGlobals) = postSolution
		SolutionGuid = {84EB9CE2-5C91-4769-949B-2AADE5051BAE}
	EndGlobalSection
EndGlobal
